// !$*UTF8*$!
{
	archiveVersion = 1;
	classes = {
	};
	objectVersion = 46;
	objects = {

/* Begin PBXBuildFile section */
		585722DE1B423282003DE83F /* main.m in Sources */ = {isa = PBXBuildFile; fileRef = 585722DD1B423282003DE83F /* main.m */; };
		585722E11B423282003DE83F /* AppDelegate.m in Sources */ = {isa = PBXBuildFile; fileRef = 585722E01B423282003DE83F /* AppDelegate.m */; };
		585722E41B423282003DE83F /* ViewController.m in Sources */ = {isa = PBXBuildFile; fileRef = 585722E31B423282003DE83F /* ViewController.m */; };
		585722E71B423282003DE83F /* Main.storyboard in Resources */ = {isa = PBXBuildFile; fileRef = 585722E51B423282003DE83F /* Main.storyboard */; };
		585722E91B423282003DE83F /* Images.xcassets in Resources */ = {isa = PBXBuildFile; fileRef = 585722E81B423282003DE83F /* Images.xcassets */; };
		585722EC1B423282003DE83F /* LaunchScreen.xib in Resources */ = {isa = PBXBuildFile; fileRef = 585722EA1B423282003DE83F /* LaunchScreen.xib */; };
		585722F81B423282003DE83F /* GridViewTests.m in Sources */ = {isa = PBXBuildFile; fileRef = 585722F71B423282003DE83F /* GridViewTests.m */; };
		585723031B4232A9003DE83F /* GridView.m in Sources */ = {isa = PBXBuildFile; fileRef = 585723021B4232A9003DE83F /* GridView.m */; };
/* End PBXBuildFile section */

/* Begin PBXContainerItemProxy section */
		585722F21B423282003DE83F /* PBXContainerItemProxy */ = {
			isa = PBXContainerItemProxy;
			containerPortal = 585722D01B423281003DE83F /* Project object */;
			proxyType = 1;
			remoteGlobalIDString = 585722D71B423282003DE83F;
			remoteInfo = GridView;
		};
/* End PBXContainerItemProxy section */

/* Begin PBXFileReference section */
		585722D81B423282003DE83F /* GridView.app */ = {isa = PBXFileReference; explicitFileType = wrapper.application; includeInIndex = 0; path = GridView.app; sourceTree = BUILT_PRODUCTS_DIR; };
		585722DC1B423282003DE83F /* Info.plist */ = {isa = PBXFileReference; lastKnownFileType = text.plist.xml; path = Info.plist; sourceTree = "<group>"; };
		585722DD1B423282003DE83F /* main.m */ = {isa = PBXFileReference; lastKnownFileType = sourcecode.c.objc; path = main.m; sourceTree = "<group>"; };
		585722DF1B423282003DE83F /* AppDelegate.h */ = {isa = PBXFileReference; lastKnownFileType = sourcecode.c.h; path = AppDelegate.h; sourceTree = "<group>"; };
		585722E01B423282003DE83F /* AppDelegate.m */ = {isa = PBXFileReference; lastKnownFileType = sourcecode.c.objc; path = AppDelegate.m; sourceTree = "<group>"; };
		585722E21B423282003DE83F /* ViewController.h */ = {isa = PBXFileReference; lastKnownFileType = sourcecode.c.h; path = ViewController.h; sourceTree = "<group>"; };
		585722E31B423282003DE83F /* ViewController.m */ = {isa = PBXFileReference; lastKnownFileType = sourcecode.c.objc; path = ViewController.m; sourceTree = "<group>"; };
		585722E61B423282003DE83F /* Base */ = {isa = PBXFileReference; lastKnownFileType = file.storyboard; name = Base; path = Base.lproj/Main.storyboard; sourceTree = "<group>"; };
		585722E81B423282003DE83F /* Images.xcassets */ = {isa = PBXFileReference; lastKnownFileType = folder.assetcatalog; path = Images.xcassets; sourceTree = "<group>"; };
		585722EB1B423282003DE83F /* Base */ = {isa = PBXFileReference; lastKnownFileType = file.xib; name = Base; path = Base.lproj/LaunchScreen.xib; sourceTree = "<group>"; };
		585722F11B423282003DE83F /* GridViewTests.xctest */ = {isa = PBXFileReference; explicitFileType = wrapper.cfbundle; includeInIndex = 0; path = GridViewTests.xctest; sourceTree = BUILT_PRODUCTS_DIR; };
		585722F61B423282003DE83F /* Info.plist */ = {isa = PBXFileReference; lastKnownFileType = text.plist.xml; path = Info.plist; sourceTree = "<group>"; };
		585722F71B423282003DE83F /* GridViewTests.m */ = {isa = PBXFileReference; lastKnownFileType = sourcecode.c.objc; path = GridViewTests.m; sourceTree = "<group>"; };
		585723011B4232A9003DE83F /* GridView.h */ = {isa = PBXFileReference; fileEncoding = 4; lastKnownFileType = sourcecode.c.h; path = GridView.h; sourceTree = "<group>"; };
		585723021B4232A9003DE83F /* GridView.m */ = {isa = PBXFileReference; fileEncoding = 4; lastKnownFileType = sourcecode.c.objc; path = GridView.m; sourceTree = "<group>"; };
/* End PBXFileReference section */

/* Begin PBXFrameworksBuildPhase section */
		585722D51B423282003DE83F /* Frameworks */ = {
			isa = PBXFrameworksBuildPhase;
			buildActionMask = 2147483647;
			files = (
			);
			runOnlyForDeploymentPostprocessing = 0;
		};
		585722EE1B423282003DE83F /* Frameworks */ = {
			isa = PBXFrameworksBuildPhase;
			buildActionMask = 2147483647;
			files = (
			);
			runOnlyForDeploymentPostprocessing = 0;
		};
/* End PBXFrameworksBuildPhase section */

/* Begin PBXGroup section */
		585722CF1B423281003DE83F = {
			isa = PBXGroup;
			children = (
				585722DA1B423282003DE83F /* GridView */,
				585722F41B423282003DE83F /* GridViewTests */,
				585722D91B423282003DE83F /* Products */,
			);
			sourceTree = "<group>";
		};
		585722D91B423282003DE83F /* Products */ = {
			isa = PBXGroup;
			children = (
				585722D81B423282003DE83F /* GridView.app */,
				585722F11B423282003DE83F /* GridViewTests.xctest */,
			);
			name = Products;
			sourceTree = "<group>";
		};
		585722DA1B423282003DE83F /* GridView */ = {
			isa = PBXGroup;
			children = (
				585722DF1B423282003DE83F /* AppDelegate.h */,
				585722E01B423282003DE83F /* AppDelegate.m */,
				585722E21B423282003DE83F /* ViewController.h */,
				585722E31B423282003DE83F /* ViewController.m */,
				585723011B4232A9003DE83F /* GridView.h */,
				585723021B4232A9003DE83F /* GridView.m */,
				585722E51B423282003DE83F /* Main.storyboard */,
				585722E81B423282003DE83F /* Images.xcassets */,
				585722EA1B423282003DE83F /* LaunchScreen.xib */,
				585722DB1B423282003DE83F /* Supporting Files */,
			);
			path = GridView;
			sourceTree = "<group>";
		};
		585722DB1B423282003DE83F /* Supporting Files */ = {
			isa = PBXGroup;
			children = (
				585722DC1B423282003DE83F /* Info.plist */,
				585722DD1B423282003DE83F /* main.m */,
			);
			name = "Supporting Files";
			sourceTree = "<group>";
		};
		585722F41B423282003DE83F /* GridViewTests */ = {
			isa = PBXGroup;
			children = (
				585722F71B423282003DE83F /* GridViewTests.m */,
				585722F51B423282003DE83F /* Supporting Files */,
			);
			path = GridViewTests;
			sourceTree = "<group>";
		};
		585722F51B423282003DE83F /* Supporting Files */ = {
			isa = PBXGroup;
			children = (
				585722F61B423282003DE83F /* Info.plist */,
			);
			name = "Supporting Files";
			sourceTree = "<group>";
		};
/* End PBXGroup section */

/* Begin PBXNativeTarget section */
		585722D71B423282003DE83F /* GridView */ = {
			isa = PBXNativeTarget;
			buildConfigurationList = 585722FB1B423282003DE83F /* Build configuration list for PBXNativeTarget "GridView" */;
			buildPhases = (
				585722D41B423282003DE83F /* Sources */,
				585722D51B423282003DE83F /* Frameworks */,
				585722D61B423282003DE83F /* Resources */,
			);
			buildRules = (
			);
			dependencies = (
			);
			name = GridView;
			productName = GridView;
			productReference = 585722D81B423282003DE83F /* GridView.app */;
			productType = "com.apple.product-type.application";
		};
		585722F01B423282003DE83F /* GridViewTests */ = {
			isa = PBXNativeTarget;
			buildConfigurationList = 585722FE1B423282003DE83F /* Build configuration list for PBXNativeTarget "GridViewTests" */;
			buildPhases = (
				585722ED1B423282003DE83F /* Sources */,
				585722EE1B423282003DE83F /* Frameworks */,
				585722EF1B423282003DE83F /* Resources */,
			);
			buildRules = (
			);
			dependencies = (
				585722F31B423282003DE83F /* PBXTargetDependency */,
			);
			name = GridViewTests;
			productName = GridViewTests;
			productReference = 585722F11B423282003DE83F /* GridViewTests.xctest */;
			productType = "com.apple.product-type.bundle.unit-test";
		};
/* End PBXNativeTarget section */

/* Begin PBXProject section */
		585722D01B423281003DE83F /* Project object */ = {
			isa = PBXProject;
			attributes = {
				LastUpgradeCheck = 0630;
				ORGANIZATIONNAME = ZK;
				TargetAttributes = {
					585722D71B423282003DE83F = {
						CreatedOnToolsVersion = 6.3;
					};
					585722F01B423282003DE83F = {
						CreatedOnToolsVersion = 6.3;
						TestTargetID = 585722D71B423282003DE83F;
					};
				};
			};
			buildConfigurationList = 585722D31B423281003DE83F /* Build configuration list for PBXProject "GridView" */;
			compatibilityVersion = "Xcode 3.2";
			developmentRegion = English;
			hasScannedForEncodings = 0;
			knownRegions = (
				en,
				Base,
			);
			mainGroup = 585722CF1B423281003DE83F;
			productRefGroup = 585722D91B423282003DE83F /* Products */;
			projectDirPath = "";
			projectRoot = "";
			targets = (
				585722D71B423282003DE83F /* GridView */,
				585722F01B423282003DE83F /* GridViewTests */,
			);
		};
/* End PBXProject section */

/* Begin PBXResourcesBuildPhase section */
		585722D61B423282003DE83F /* Resources */ = {
			isa = PBXResourcesBuildPhase;
			buildActionMask = 2147483647;
			files = (
				585722E71B423282003DE83F /* Main.storyboard in Resources */,
				585722EC1B423282003DE83F /* LaunchScreen.xib in Resources */,
				585722E91B423282003DE83F /* Images.xcassets in Resources */,
			);
			runOnlyForDeploymentPostprocessing = 0;
		};
		585722EF1B423282003DE83F /* Resources */ = {
			isa = PBXResourcesBuildPhase;
			buildActionMask = 2147483647;
			files = (
			);
			runOnlyForDeploymentPostprocessing = 0;
		};
/* End PBXResourcesBuildPhase section */

/* Begin PBXSourcesBuildPhase section */
		585722D41B423282003DE83F /* Sources */ = {
			isa = PBXSourcesBuildPhase;
			buildActionMask = 2147483647;
			files = (
				585722E41B423282003DE83F /* ViewController.m in Sources */,
				585722E11B423282003DE83F /* AppDelegate.m in Sources */,
				585723031B4232A9003DE83F /* GridView.m in Sources */,
				585722DE1B423282003DE83F /* main.m in Sources */,
			);
			runOnlyForDeploymentPostprocessing = 0;
		};
		585722ED1B423282003DE83F /* Sources */ = {
			isa = PBXSourcesBuildPhase;
			buildActionMask = 2147483647;
			files = (
				585722F81B423282003DE83F /* GridViewTests.m in Sources */,
			);
			runOnlyForDeploymentPostprocessing = 0;
		};
/* End PBXSourcesBuildPhase section */

/* Begin PBXTargetDependency section */
		585722F31B423282003DE83F /* PBXTargetDependency */ = {
			isa = PBXTargetDependency;
			target = 585722D71B423282003DE83F /* GridView */;
			targetProxy = 585722F21B423282003DE83F /* PBXContainerItemProxy */;
		};
/* End PBXTargetDependency section */

/* Begin PBXVariantGroup section */
		585722E51B423282003DE83F /* Main.storyboard */ = {
			isa = PBXVariantGroup;
			children = (
				585722E61B423282003DE83F /* Base */,
			);
			name = Main.storyboard;
			sourceTree = "<group>";
		};
		585722EA1B423282003DE83F /* LaunchScreen.xib */ = {
			isa = PBXVariantGroup;
			children = (
				585722EB1B423282003DE83F /* Base */,
			);
			name = LaunchScreen.xib;
			sourceTree = "<group>";
		};
/* End PBXVariantGroup section */

/* Begin XCBuildConfiguration section */
		585722F91B423282003DE83F /* Debug */ = {
			isa = XCBuildConfiguration;
			buildSettings = {
				ALWAYS_SEARCH_USER_PATHS = NO;
				CLANG_CXX_LANGUAGE_STANDARD = "gnu++0x";
				CLANG_CXX_LIBRARY = "libc++";
				CLANG_ENABLE_MODULES = YES;
				CLANG_ENABLE_OBJC_ARC = YES;
				CLANG_WARN_BOOL_CONVERSION = YES;
				CLANG_WARN_CONSTANT_CONVERSION = YES;
				CLANG_WARN_DIRECT_OBJC_ISA_USAGE = YES_ERROR;
				CLANG_WARN_EMPTY_BODY = YES;
				CLANG_WARN_ENUM_CONVERSION = YES;
				CLANG_WARN_INT_CONVERSION = YES;
				CLANG_WARN_OBJC_ROOT_CLASS = YES_ERROR;
				CLANG_WARN_UNREACHABLE_CODE = YES;
				CLANG_WARN__DUPLICATE_METHOD_MATCH = YES;
				"CODE_SIGN_IDENTITY[sdk=iphoneos*]" = "iPhone Developer";
				COPY_PHASE_STRIP = NO;
				DEBUG_INFORMATION_FORMAT = "dwarf-with-dsym";
				ENABLE_STRICT_OBJC_MSGSEND = YES;
				GCC_C_LANGUAGE_STANDARD = gnu99;
				GCC_DYNAMIC_NO_PIC = NO;
				GCC_NO_COMMON_BLOCKS = YES;
				GCC_OPTIMIZATION_LEVEL = 0;
				GCC_PREPROCESSOR_DEFINITIONS = (
					"DEBUG=1",
					"$(inherited)",
				);
				GCC_SYMBOLS_PRIVATE_EXTERN = NO;
				GCC_WARN_64_TO_32_BIT_CONVERSION = YES;
				GCC_WARN_ABOUT_RETURN_TYPE = YES_ERROR;
				GCC_WARN_UNDECLARED_SELECTOR = YES;
				GCC_WARN_UNINITIALIZED_AUTOS = YES_AGGRESSIVE;
				GCC_WARN_UNUSED_FUNCTION = YES;
				GCC_WARN_UNUSED_VARIABLE = YES;
				IPHONEOS_DEPLOYMENT_TARGET = 8.3;
				MTL_ENABLE_DEBUG_INFO = YES;
				ONLY_ACTIVE_ARCH = YES;
				SDKROOT = iphoneos;
			};
			name = Debug;
		};
		585722FA1B423282003DE83F /* Release */ = {
			isa = XCBuildConfiguration;
			buildSettings = {
				ALWAYS_SEARCH_USER_PATHS = NO;
				CLANG_CXX_LANGUAGE_STANDARD = "gnu++0x";
				CLANG_CXX_LIBRARY = "libc++";
				CLANG_ENABLE_MODULES = YES;
				CLANG_ENABLE_OBJC_ARC = YES;
				CLANG_WARN_BOOL_CONVERSION = YES;
				CLANG_WARN_CONSTANT_CONVERSION = YES;
				CLANG_WARN_DIRECT_OBJC_ISA_USAGE = YES_ERROR;
				CLANG_WARN_EMPTY_BODY = YES;
				CLANG_WARN_ENUM_CONVERSION = YES;
				CLANG_WARN_INT_CONVERSION = YES;
				CLANG_WARN_OBJC_ROOT_CLASS = YES_ERROR;
				CLANG_WARN_UNREACHABLE_CODE = YES;
				CLANG_WARN__DUPLICATE_METHOD_MATCH = YES;
				"CODE_SIGN_IDENTITY[sdk=iphoneos*]" = "iPhone Developer";
				COPY_PHASE_STRIP = NO;
				DEBUG_INFORMATION_FORMAT = "dwarf-with-dsym";
				ENABLE_NS_ASSERTIONS = NO;
				ENABLE_STRICT_OBJC_MSGSEND = YES;
				GCC_C_LANGUAGE_STANDARD = gnu99;
				GCC_NO_COMMON_BLOCKS = YES;
				GCC_WARN_64_TO_32_BIT_CONVERSION = YES;
				GCC_WARN_ABOUT_RETURN_TYPE = YES_ERROR;
				GCC_WARN_UNDECLARED_SELECTOR = YES;
				GCC_WARN_UNINITIALIZED_AUTOS = YES_AGGRESSIVE;
				GCC_WARN_UNUSED_FUNCTION = YES;
				GCC_WARN_UNUSED_VARIABLE = YES;
				IPHONEOS_DEPLOYMENT_TARGET = 8.3;
				MTL_ENABLE_DEBUG_INFO = NO;
				SDKROOT = iphoneos;
				VALIDATE_PRODUCT = YES;
			};
			name = Release;
		};
		585722FC1B423282003DE83F /* Debug */ = {
			isa = XCBuildConfiguration;
			buildSettings = {
				ASSETCATALOG_COMPILER_APPICON_NAME = AppIcon;
				INFOPLIST_FILE = GridView/Info.plist;
				LD_RUNPATH_SEARCH_PATHS = "$(inherited) @executable_path/Frameworks";
				PRODUCT_NAME = "$(TARGET_NAME)";
			};
			name = Debug;
		};
		585722FD1B423282003DE83F /* Release */ = {
			isa = XCBuildConfiguration;
			buildSettings = {
				ASSETCATALOG_COMPILER_APPICON_NAME = AppIcon;
				INFOPLIST_FILE = GridView/Info.plist;
				LD_RUNPATH_SEARCH_PATHS = "$(inherited) @executable_path/Frameworks";
				PRODUCT_NAME = "$(TARGET_NAME)";
			};
			name = Release;
		};
		585722FF1B423282003DE83F /* Debug */ = {
			isa = XCBuildConfiguration;
			buildSettings = {
				BUNDLE_LOADER = "$(TEST_HOST)";
				FRAMEWORK_SEARCH_PATHS = (
					"$(SDKROOT)/Developer/Library/Frameworks",
					"$(inherited)",
				);
				GCC_PREPROCESSOR_DEFINITIONS = (
					"DEBUG=1",
					"$(inherited)",
				);
				INFOPLIST_FILE = GridViewTests/Info.plist;
				LD_RUNPATH_SEARCH_PATHS = "$(inherited) @executable_path/Frameworks @loader_path/Frameworks";
				PRODUCT_NAME = "$(TARGET_NAME)";
				TEST_HOST = "$(BUILT_PRODUCTS_DIR)/GridView.app/GridView";
			};
			name = Debug;
		};
		585723001B423282003DE83F /* Release */ = {
			isa = XCBuildConfiguration;
			buildSettings = {
				BUNDLE_LOADER = "$(TEST_HOST)";
				FRAMEWORK_SEARCH_PATHS = (
					"$(SDKROOT)/Developer/Library/Frameworks",
					"$(inherited)",
				);
				INFOPLIST_FILE = GridViewTests/Info.plist;
				LD_RUNPATH_SEARCH_PATHS = "$(inherited) @executable_path/Frameworks @loader_path/Frameworks";
				PRODUCT_NAME = "$(TARGET_NAME)";
				TEST_HOST = "$(BUILT_PRODUCTS_DIR)/GridView.app/GridView";
			};
			name = Release;
		};
/* End XCBuildConfiguration section */

/* Begin XCConfigurationList section */
		585722D31B423281003DE83F /* Build configuration list for PBXProject "GridView" */ = {
			isa = XCConfigurationList;
			buildConfigurations = (
				585722F91B423282003DE83F /* Debug */,
				585722FA1B423282003DE83F /* Release */,
			);
			defaultConfigurationIsVisible = 0;
			defaultConfigurationName = Release;
		};
		585722FB1B423282003DE83F /* Build configuration list for PBXNativeTarget "GridView" */ = {
			isa = XCConfigurationList;
			buildConfigurations = (
				585722FC1B423282003DE83F /* Debug */,
				585722FD1B423282003DE83F /* Release */,
			);
			defaultConfigurationIsVisible = 0;
		};
		585722FE1B423282003DE83F /* Build configuration list for PBXNativeTarget "GridViewTests" */ = {
			isa = XCConfigurationList;
			buildConfigurations = (
				585722FF1B423282003DE83F /* Debug */,
				585723001B423282003DE83F /* Release */,
			);
			defaultConfigurationIsVisible = 0;
		};
/* End XCConfigurationList section */
	};
	rootObject = 585722D01B423281003DE83F /* Project object */;
}
